{
    "hash": "15489887ae64e4b13e7fb1dbc5636ee3",
    "packages": [
        {
            "package": "alexandresalome/php-selenium",
            "version": "dev-master",
            "source-reference": "b1d90ab840449cef066e5bfe5d4cbd0404747773"
        },
        {
            "package": "alom/journal-extension",
            "version": "dev-master",
            "source-reference": "8ecd19fdffed1c43e8124cc3b9017923552d5f22"
        },
        {
            "package": "behat/behat",
            "version": "v2.4.0"
        },
        {
            "package": "behat/gherkin",
            "version": "v2.2.1"
        },
        {
            "package": "behat/mink",
            "version": "v1.4.0"
        },
        {
            "package": "behat/mink-browserkit-driver",
            "version": "dev-master",
            "source-reference": "b07a3908fed61cd31953ddaa6faeb66767cf9d6e"
        },
        {
            "package": "behat/mink-extension",
            "version": "dev-master",
            "source-reference": "f77bd494338c4765e56d5448750985f0bb7ffe97"
        },
        {
            "package": "behat/mink-goutte-driver",
            "version": "dev-master",
            "source-reference": "c628f8ca4518f09f71983c3b6b824f85900d596f"
        },
        {
            "package": "behat/mink-selenium-driver",
            "version": "dev-master",
            "source-reference": "fbea20b62283846a27e007df2383d93613667740"
        },
        {
            "package": "behat/symfony2-extension",
            "version": "dev-master",
            "source-reference": "1ae47b8839e9e9501c715ad516f97412ee98a042"
        },
        {
            "package": "doctrine/common",
            "version": "2.2.2"
        },
        {
            "package": "doctrine/data-fixtures",
            "version": "dev-master",
            "source-reference": "1f0b8be5db0b53681f80c99324c94e21e1efe39a"
        },
        {
            "package": "doctrine/dbal",
            "version": "2.2.x-dev",
            "source-reference": "8cc129aa64a8de6447056bce20f0a274fe2a340b"
        },
        {
            "package": "doctrine/doctrine-bundle",
            "version": "dev-master",
            "source-reference": "94951737d6c692500d6b13bb92871935568a4ba5",
            "alias-pretty-version": "1.0.x-dev",
            "alias-version": "1.0.9999999.9999999-dev"
        },
        {
            "package": "doctrine/doctrine-bundle",
            "version": "dev-master",
            "source-reference": "94951737d6c692500d6b13bb92871935568a4ba5"
        },
        {
            "package": "doctrine/doctrine-fixtures-bundle",
            "version": "dev-master",
            "source-reference": "33b267d3068d6c2f8daa0b417285cf76e7f82fc4"
        },
        {
            "package": "doctrine/orm",
            "version": "2.2.x-dev",
            "source-reference": "5f66c65c9a8d984899903b54215d0249a45b92d6"
        },
        {
            "package": "fabpot/goutte",
            "version": "dev-master",
            "source-reference": "c2ea8d9a6682d14482e57ede2371001b8a5238d2",
            "alias-pretty-version": "1.0.x-dev",
            "alias-version": "1.0.9999999.9999999-dev"
        },
        {
            "package": "fabpot/goutte",
            "version": "dev-master",
            "source-reference": "c2ea8d9a6682d14482e57ede2371001b8a5238d2"
        },
        {
            "package": "guzzle/guzzle",
            "version": "v2.6.6"
        },
        {
            "package": "kriswallsmith/assetic",
            "version": "dev-master",
            "source-reference": "d6f89a3170c5280ad554347dc113eb25fdf00ad7"
        },
        {
            "package": "kriswallsmith/assetic",
            "version": "dev-master",
            "source-reference": "d6f89a3170c5280ad554347dc113eb25fdf00ad7",
            "alias-pretty-version": "1.1.x-dev",
            "alias-version": "1.1.9999999.9999999-dev"
        },
        {
            "package": "monolog/monolog",
            "version": "1.1.0"
        },
        {
            "package": "sensio/distribution-bundle",
            "version": "dev-master",
            "source-reference": "a360ad61fe34206a7295c1ef00b5455b2b2e1071"
        },
        {
            "package": "swiftmailer/swiftmailer",
            "version": "dev-master",
            "source-reference": "0173abd7bb539bc5dd0b823b06b46636121384e9",
            "alias-pretty-version": "4.1.x-dev",
            "alias-version": "4.1.9999999.9999999-dev"
        },
        {
            "package": "swiftmailer/swiftmailer",
            "version": "dev-master",
            "source-reference": "0173abd7bb539bc5dd0b823b06b46636121384e9"
        },
        {
            "package": "symfony/assetic-bundle",
            "version": "dev-master",
            "source-reference": "8fe7b898b08103c1d6fce64c3e279a7afd61adfc",
            "alias-pretty-version": "2.1.x-dev",
            "alias-version": "2.1.9999999.9999999-dev"
        },
        {
            "package": "symfony/assetic-bundle",
            "version": "dev-master",
            "source-reference": "8fe7b898b08103c1d6fce64c3e279a7afd61adfc"
        },
        {
            "package": "symfony/monolog-bundle",
            "version": "dev-master",
            "source-reference": "660a1aeaf93e8ffdc34c27b3a82dc47195ad1d8d",
            "alias-pretty-version": "2.1.x-dev",
            "alias-version": "2.1.9999999.9999999-dev"
        },
        {
            "package": "symfony/monolog-bundle",
            "version": "dev-master",
            "source-reference": "660a1aeaf93e8ffdc34c27b3a82dc47195ad1d8d"
        },
        {
            "package": "symfony/swiftmailer-bundle",
            "version": "dev-master",
            "source-reference": "v2.1.0-BETA1",
            "alias-pretty-version": "2.1.x-dev",
            "alias-version": "2.1.9999999.9999999-dev"
        },
        {
            "package": "symfony/swiftmailer-bundle",
            "version": "dev-master",
            "source-reference": "v2.1.0-BETA1"
        },
        {
            "package": "symfony/symfony",
            "version": "dev-master",
            "source-reference": "5a8e20643e4f3fd0a32b5712c1d19a47edbfd91b",
            "alias-pretty-version": "2.1.x-dev",
            "alias-version": "2.1.9999999.9999999-dev"
        },
        {
            "package": "symfony/symfony",
            "version": "dev-master",
            "source-reference": "5a8e20643e4f3fd0a32b5712c1d19a47edbfd91b"
        },
        {
            "package": "twig/extensions",
            "version": "dev-master",
            "source-reference": "feb6d3f10c411e2631997c0a905aa581c80305c1"
        },
        {
            "package": "twig/twig",
            "version": "dev-master",
            "source-reference": "4679ad51c5390648b7ea4c8f0ecd2c0c344145ba"
        },
        {
            "package": "twig/twig",
            "version": "dev-master",
            "source-reference": "4679ad51c5390648b7ea4c8f0ecd2c0c344145ba",
            "alias-pretty-version": "1.8.x-dev",
            "alias-version": "1.8.9999999.9999999-dev"
        }
    ],
    "packages-dev": null,
    "aliases": [

    ],
    "minimum-stability": "dev",
    "stability-flags": {
        "twig/extensions": 20,
        "doctrine/doctrine-bundle": 20,
        "doctrine/doctrine-fixtures-bundle": 20,
        "symfony/assetic-bundle": 20,
        "symfony/swiftmailer-bundle": 20,
        "symfony/monolog-bundle": 20,
        "sensio/distribution-bundle": 20,
        "behat/symfony2-extension": 20,
        "behat/mink-extension": 20,
        "behat/mink-goutte-driver": 20,
        "behat/mink-selenium-driver": 20,
        "alom/journal-extension": 20
    }
}
